// !$*UTF8*$!
{
	archiveVersion = 1;
	classes = {
	};
	objectVersion = 56;
	objects = {

/* Begin PBXBuildFile section */
		1EBAFC5C2AEEC62500B47153 /* Movie.swift in Sources */ = {isa = PBXBuildFile; fileRef = 1EBAFC5B2AEEC62500B47153 /* Movie.swift */; };
		68F850142AEBD74C001711FB /* AppDelegate.swift in Sources */ = {isa = PBXBuildFile; fileRef = 68F850132AEBD74C001711FB /* AppDelegate.swift */; };
		68F850162AEBD74D001711FB /* SceneDelegate.swift in Sources */ = {isa = PBXBuildFile; fileRef = 68F850152AEBD74D001711FB /* SceneDelegate.swift */; };
		68F8501B2AEBD74D001711FB /* Main.storyboard in Resources */ = {isa = PBXBuildFile; fileRef = 68F850192AEBD74D001711FB /* Main.storyboard */; };
		68F8501D2AEBD74E001711FB /* Assets.xcassets in Resources */ = {isa = PBXBuildFile; fileRef = 68F8501C2AEBD74E001711FB /* Assets.xcassets */; };
		68F850202AEBD74E001711FB /* LaunchScreen.storyboard in Resources */ = {isa = PBXBuildFile; fileRef = 68F8501E2AEBD74E001711FB /* LaunchScreen.storyboard */; };
		68F8502C2AEBD869001711FB /* DataManager.swift in Sources */ = {isa = PBXBuildFile; fileRef = 68F8502B2AEBD869001711FB /* DataManager.swift */; };
		68F8502E2AEBD94B001711FB /* Song.swift in Sources */ = {isa = PBXBuildFile; fileRef = 68F8502D2AEBD94B001711FB /* Song.swift */; };
		68F850302AEBF813001711FB /* TrackTableViewController.swift in Sources */ = {isa = PBXBuildFile; fileRef = 68F8502F2AEBF813001711FB /* TrackTableViewController.swift */; };
		68F850322AEBFAFC001711FB /* DetailViewController.swift in Sources */ = {isa = PBXBuildFile; fileRef = 68F850312AEBFAFC001711FB /* DetailViewController.swift */; };
		68F850342AEC01D3001711FB /* MovieTableViewCell.swift in Sources */ = {isa = PBXBuildFile; fileRef = 68F850332AEC01D3001711FB /* MovieTableViewCell.swift */; };
		68F850362AEC026F001711FB /* MovieTableViewController.swift in Sources */ = {isa = PBXBuildFile; fileRef = 68F850352AEC026F001711FB /* MovieTableViewController.swift */; };
/* End PBXBuildFile section */

/* Begin PBXFileReference section */
		1EBAFC5B2AEEC62500B47153 /* Movie.swift */ = {isa = PBXFileReference; lastKnownFileType = sourcecode.swift; path = Movie.swift; sourceTree = "<group>"; };
		68F850102AEBD74C001711FB /* TableViewApp.app */ = {isa = PBXFileReference; explicitFileType = wrapper.application; includeInIndex = 0; path = TableViewApp.app; sourceTree = BUILT_PRODUCTS_DIR; };
		68F850132AEBD74C001711FB /* AppDelegate.swift */ = {isa = PBXFileReference; lastKnownFileType = sourcecode.swift; path = AppDelegate.swift; sourceTree = "<group>"; };
		68F850152AEBD74D001711FB /* SceneDelegate.swift */ = {isa = PBXFileReference; lastKnownFileType = sourcecode.swift; path = SceneDelegate.swift; sourceTree = "<group>"; };
		68F8501A2AEBD74D001711FB /* Base */ = {isa = PBXFileReference; lastKnownFileType = file.storyboard; name = Base; path = Base.lproj/Main.storyboard; sourceTree = "<group>"; };
		68F8501C2AEBD74E001711FB /* Assets.xcassets */ = {isa = PBXFileReference; lastKnownFileType = folder.assetcatalog; path = Assets.xcassets; sourceTree = "<group>"; };
		68F8501F2AEBD74E001711FB /* Base */ = {isa = PBXFileReference; lastKnownFileType = file.storyboard; name = Base; path = Base.lproj/LaunchScreen.storyboard; sourceTree = "<group>"; };
		68F850212AEBD74E001711FB /* Info.plist */ = {isa = PBXFileReference; lastKnownFileType = text.plist.xml; path = Info.plist; sourceTree = "<group>"; };
		68F8502B2AEBD869001711FB /* DataManager.swift */ = {isa = PBXFileReference; lastKnownFileType = sourcecode.swift; path = DataManager.swift; sourceTree = "<group>"; };
		68F8502D2AEBD94B001711FB /* Song.swift */ = {isa = PBXFileReference; lastKnownFileType = sourcecode.swift; path = Song.swift; sourceTree = "<group>"; };
		68F8502F2AEBF813001711FB /* TrackTableViewController.swift */ = {isa = PBXFileReference; lastKnownFileType = sourcecode.swift; path = TrackTableViewController.swift; sourceTree = "<group>"; };
		68F850312AEBFAFC001711FB /* DetailViewController.swift */ = {isa = PBXFileReference; lastKnownFileType = sourcecode.swift; path = DetailViewController.swift; sourceTree = "<group>"; };
		68F850332AEC01D3001711FB /* MovieTableViewCell.swift */ = {isa = PBXFileReference; lastKnownFileType = sourcecode.swift; path = MovieTableViewCell.swift; sourceTree = "<group>"; };
		68F850352AEC026F001711FB /* MovieTableViewController.swift */ = {isa = PBXFileReference; lastKnownFileType = sourcecode.swift; path = MovieTableViewController.swift; sourceTree = "<group>"; };
/* End PBXFileReference section */

/* Begin PBXFrameworksBuildPhase section */
		68F8500D2AEBD74C001711FB /* Frameworks */ = {
			isa = PBXFrameworksBuildPhase;
			buildActionMask = 2147483647;
			files = (
			);
			runOnlyForDeploymentPostprocessing = 0;
		};
/* End PBXFrameworksBuildPhase section */

/* Begin PBXGroup section */
		68F850072AEBD74C001711FB = {
			isa = PBXGroup;
			children = (
				68F850122AEBD74C001711FB /* TableViewApp */,
				68F850112AEBD74C001711FB /* Products */,
			);
			sourceTree = "<group>";
		};
		68F850112AEBD74C001711FB /* Products */ = {
			isa = PBXGroup;
			children = (
				68F850102AEBD74C001711FB /* TableViewApp.app */,
			);
			name = Products;
			sourceTree = "<group>";
		};
		68F850122AEBD74C001711FB /* TableViewApp */ = {
			isa = PBXGroup;
			children = (
				68F850272AEBD754001711FB /* AppDelegate */,
				68F8502A2AEBD83C001711FB /* Model */,
				68F850282AEBD75F001711FB /* View */,
				68F850292AEBD765001711FB /* Controller */,
				68F8501C2AEBD74E001711FB /* Assets.xcassets */,
				68F850212AEBD74E001711FB /* Info.plist */,
			);
			path = TableViewApp;
			sourceTree = "<group>";
		};
		68F850272AEBD754001711FB /* AppDelegate */ = {
			isa = PBXGroup;
			children = (
				68F850132AEBD74C001711FB /* AppDelegate.swift */,
				68F850152AEBD74D001711FB /* SceneDelegate.swift */,
			);
			path = AppDelegate;
			sourceTree = "<group>";
		};
		68F850282AEBD75F001711FB /* View */ = {
			isa = PBXGroup;
			children = (
				68F850192AEBD74D001711FB /* Main.storyboard */,
				68F8501E2AEBD74E001711FB /* LaunchScreen.storyboard */,
			);
			path = View;
			sourceTree = "<group>";
		};
		68F850292AEBD765001711FB /* Controller */ = {
			isa = PBXGroup;
			children = (
				68F8502F2AEBF813001711FB /* TrackTableViewController.swift */,
				68F850312AEBFAFC001711FB /* DetailViewController.swift */,
				68F850332AEC01D3001711FB /* MovieTableViewCell.swift */,
				68F850352AEC026F001711FB /* MovieTableViewController.swift */,
			);
			path = Controller;
			sourceTree = "<group>";
		};
		68F8502A2AEBD83C001711FB /* Model */ = {
			isa = PBXGroup;
			children = (
				68F8502B2AEBD869001711FB /* DataManager.swift */,
				68F8502D2AEBD94B001711FB /* Song.swift */,
				1EBAFC5B2AEEC62500B47153 /* Movie.swift */,
			);
			path = Model;
			sourceTree = "<group>";
		};
/* End PBXGroup section */

/* Begin PBXNativeTarget section */
		68F8500F2AEBD74C001711FB /* TableViewApp */ = {
			isa = PBXNativeTarget;
			buildConfigurationList = 68F850242AEBD74E001711FB /* Build configuration list for PBXNativeTarget "TableViewApp" */;
			buildPhases = (
				68F8500C2AEBD74C001711FB /* Sources */,
				68F8500D2AEBD74C001711FB /* Frameworks */,
				68F8500E2AEBD74C001711FB /* Resources */,
			);
			buildRules = (
			);
			dependencies = (
			);
			name = TableViewApp;
			productName = TableViewApp;
			productReference = 68F850102AEBD74C001711FB /* TableViewApp.app */;
			productType = "com.apple.product-type.application";
		};
/* End PBXNativeTarget section */

/* Begin PBXProject section */
		68F850082AEBD74C001711FB /* Project object */ = {
			isa = PBXProject;
			attributes = {
				BuildIndependentTargetsInParallel = 1;
				LastSwiftUpdateCheck = 1500;
				LastUpgradeCheck = 1500;
				TargetAttributes = {
					68F8500F2AEBD74C001711FB = {
						CreatedOnToolsVersion = 15.0.1;
					};
				};
			};
			buildConfigurationList = 68F8500B2AEBD74C001711FB /* Build configuration list for PBXProject "TableViewApp" */;
			compatibilityVersion = "Xcode 14.0";
			developmentRegion = en;
			hasScannedForEncodings = 0;
			knownRegions = (
				en,
				Base,
			);
			mainGroup = 68F850072AEBD74C001711FB;
			productRefGroup = 68F850112AEBD74C001711FB /* Products */;
			projectDirPath = "";
			projectRoot = "";
			targets = (
				68F8500F2AEBD74C001711FB /* TableViewApp */,
			);
		};
/* End PBXProject section */

/* Begin PBXResourcesBuildPhase section */
		68F8500E2AEBD74C001711FB /* Resources */ = {
			isa = PBXResourcesBuildPhase;
			buildActionMask = 2147483647;
			files = (
				68F850202AEBD74E001711FB /* LaunchScreen.storyboard in Resources */,
				68F8501D2AEBD74E001711FB /* Assets.xcassets in Resources */,
				68F8501B2AEBD74D001711FB /* Main.storyboard in Resources */,
			);
			runOnlyForDeploymentPostprocessing = 0;
		};
/* End PBXResourcesBuildPhase section */

/* Begin PBXSourcesBuildPhase section */
		68F8500C2AEBD74C001711FB /* Sources */ = {
			isa = PBXSourcesBuildPhase;
			buildActionMask = 2147483647;
			files = (
				68F850362AEC026F001711FB /* MovieTableViewController.swift in Sources */,
				68F8502C2AEBD869001711FB /* DataManager.swift in Sources */,
				1EBAFC5C2AEEC62500B47153 /* Movie.swift in Sources */,
				68F850142AEBD74C001711FB /* AppDelegate.swift in Sources */,
				68F850342AEC01D3001711FB /* MovieTableViewCell.swift in Sources */,
				68F850302AEBF813001711FB /* TrackTableViewController.swift in Sources */,
				68F850322AEBFAFC001711FB /* DetailViewController.swift in Sources */,
				68F850162AEBD74D001711FB /* SceneDelegate.swift in Sources */,
				68F8502E2AEBD94B001711FB /* Song.swift in Sources */,
			);
			runOnlyForDeploymentPostprocessing = 0;
		};
/* End PBXSourcesBuildPhase section */

/* Begin PBXVariantGroup section */
		68F850192AEBD74D001711FB /* Main.storyboard */ = {
			isa = PBXVariantGroup;
			children = (
				68F8501A2AEBD74D001711FB /* Base */,
			);
			name = Main.storyboard;
			sourceTree = "<group>";
		};
		68F8501E2AEBD74E001711FB /* LaunchScreen.storyboard */ = {
			isa = PBXVariantGroup;
			children = (
				68F8501F2AEBD74E001711FB /* Base */,
			);
			name = LaunchScreen.storyboard;
			sourceTree = "<group>";
		};
/* End PBXVariantGroup section */

/* Begin XCBuildConfiguration section */
		68F850222AEBD74E001711FB /* Debug */ = {
			isa = XCBuildConfiguration;
			buildSettings = {
				ALWAYS_SEARCH_USER_PATHS = NO;
				ASSETCATALOG_COMPILER_GENERATE_SWIFT_ASSET_SYMBOL_EXTENSIONS = YES;
				CLANG_ANALYZER_NONNULL = YES;
				CLANG_ANALYZER_NUMBER_OBJECT_CONVERSION = YES_AGGRESSIVE;
				CLANG_CXX_LANGUAGE_STANDARD = "gnu++20";
				CLANG_ENABLE_MODULES = YES;
				CLANG_ENABLE_OBJC_ARC = YES;
				CLANG_ENABLE_OBJC_WEAK = YES;
				CLANG_WARN_BLOCK_CAPTURE_AUTORELEASING = YES;
				CLANG_WARN_BOOL_CONVERSION = YES;
				CLANG_WARN_COMMA = YES;
				CLANG_WARN_CONSTANT_CONVERSION = YES;
				CLANG_WARN_DEPRECATED_OBJC_IMPLEMENTATIONS = YES;
				CLANG_WARN_DIRECT_OBJC_ISA_USAGE = YES_ERROR;
				CLANG_WARN_DOCUMENTATION_COMMENTS = YES;
				CLANG_WARN_EMPTY_BODY = YES;
				CLANG_WARN_ENUM_CONVERSION = YES;
				CLANG_WARN_INFINITE_RECURSION = YES;
				CLANG_WARN_INT_CONVERSION = YES;
				CLANG_WARN_NON_LITERAL_NULL_CONVERSION = YES;
				CLANG_WARN_OBJC_IMPLICIT_RETAIN_SELF = YES;
				CLANG_WARN_OBJC_LITERAL_CONVERSION = YES;
				CLANG_WARN_OBJC_ROOT_CLASS = YES_ERROR;
				CLANG_WARN_QUOTED_INCLUDE_IN_FRAMEWORK_HEADER = YES;
				CLANG_WARN_RANGE_LOOP_ANALYSIS = YES;
				CLANG_WARN_STRICT_PROTOTYPES = YES;
				CLANG_WARN_SUSPICIOUS_MOVE = YES;
				CLANG_WARN_UNGUARDED_AVAILABILITY = YES_AGGRESSIVE;
				CLANG_WARN_UNREACHABLE_CODE = YES;
				CLANG_WARN__DUPLICATE_METHOD_MATCH = YES;
				COPY_PHASE_STRIP = NO;
				DEBUG_INFORMATION_FORMAT = dwarf;
				ENABLE_STRICT_OBJC_MSGSEND = YES;
				ENABLE_TESTABILITY = YES;
				ENABLE_USER_SCRIPT_SANDBOXING = YES;
				GCC_C_LANGUAGE_STANDARD = gnu17;
				GCC_DYNAMIC_NO_PIC = NO;
				GCC_NO_COMMON_BLOCKS = YES;
				GCC_OPTIMIZATION_LEVEL = 0;
				GCC_PREPROCESSOR_DEFINITIONS = (
					"DEBUG=1",
					"$(inherited)",
				);
				GCC_WARN_64_TO_32_BIT_CONVERSION = YES;
				GCC_WARN_ABOUT_RETURN_TYPE = YES_ERROR;
				GCC_WARN_UNDECLARED_SELECTOR = YES;
				GCC_WARN_UNINITIALIZED_AUTOS = YES_AGGRESSIVE;
				GCC_WARN_UNUSED_FUNCTION = YES;
				GCC_WARN_UNUSED_VARIABLE = YES;
				IPHONEOS_DEPLOYMENT_TARGET = 17.0;
				LOCALIZATION_PREFERS_STRING_CATALOGS = YES;
				MTL_ENABLE_DEBUG_INFO = INCLUDE_SOURCE;
				MTL_FAST_MATH = YES;
				ONLY_ACTIVE_ARCH = YES;
				SDKROOT = iphoneos;
				SWIFT_ACTIVE_COMPILATION_CONDITIONS = "DEBUG $(inherited)";
				SWIFT_OPTIMIZATION_LEVEL = "-Onone";
			};
			name = Debug;
		};
		68F850232AEBD74E001711FB /* Release */ = {
			isa = XCBuildConfiguration;
			buildSettings = {
				ALWAYS_SEARCH_USER_PATHS = NO;
				ASSETCATALOG_COMPILER_GENERATE_SWIFT_ASSET_SYMBOL_EXTENSIONS = YES;
				CLANG_ANALYZER_NONNULL = YES;
				CLANG_ANALYZER_NUMBER_OBJECT_CONVERSION = YES_AGGRESSIVE;
				CLANG_CXX_LANGUAGE_STANDARD = "gnu++20";
				CLANG_ENABLE_MODULES = YES;
				CLANG_ENABLE_OBJC_ARC = YES;
				CLANG_ENABLE_OBJC_WEAK = YES;
				CLANG_WARN_BLOCK_CAPTURE_AUTORELEASING = YES;
				CLANG_WARN_BOOL_CONVERSION = YES;
				CLANG_WARN_COMMA = YES;
				CLANG_WARN_CONSTANT_CONVERSION = YES;
				CLANG_WARN_DEPRECATED_OBJC_IMPLEMENTATIONS = YES;
				CLANG_WARN_DIRECT_OBJC_ISA_USAGE = YES_ERROR;
				CLANG_WARN_DOCUMENTATION_COMMENTS = YES;
				CLANG_WARN_EMPTY_BODY = YES;
				CLANG_WARN_ENUM_CONVERSION = YES;
				CLANG_WARN_INFINITE_RECURSION = YES;
				CLANG_WARN_INT_CONVERSION = YES;
				CLANG_WARN_NON_LITERAL_NULL_CONVERSION = YES;
				CLANG_WARN_OBJC_IMPLICIT_RETAIN_SELF = YES;
				CLANG_WARN_OBJC_LITERAL_CONVERSION = YES;
				CLANG_WARN_OBJC_ROOT_CLASS = YES_ERROR;
				CLANG_WARN_QUOTED_INCLUDE_IN_FRAMEWORK_HEADER = YES;
				CLANG_WARN_RANGE_LOOP_ANALYSIS = YES;
				CLANG_WARN_STRICT_PROTOTYPES = YES;
				CLANG_WARN_SUSPICIOUS_MOVE = YES;
				CLANG_WARN_UNGUARDED_AVAILABILITY = YES_AGGRESSIVE;
				CLANG_WARN_UNREACHABLE_CODE = YES;
				CLANG_WARN__DUPLICATE_METHOD_MATCH = YES;
				COPY_PHASE_STRIP = NO;
				DEBUG_INFORMATION_FORMAT = "dwarf-with-dsym";
				ENABLE_NS_ASSERTIONS = NO;
				ENABLE_STRICT_OBJC_MSGSEND = YES;
				ENABLE_USER_SCRIPT_SANDBOXING = YES;
				GCC_C_LANGUAGE_STANDARD = gnu17;
				GCC_NO_COMMON_BLOCKS = YES;
				GCC_WARN_64_TO_32_BIT_CONVERSION = YES;
				GCC_WARN_ABOUT_RETURN_TYPE = YES_ERROR;
				GCC_WARN_UNDECLARED_SELECTOR = YES;
				GCC_WARN_UNINITIALIZED_AUTOS = YES_AGGRESSIVE;
				GCC_WARN_UNUSED_FUNCTION = YES;
				GCC_WARN_UNUSED_VARIABLE = YES;
				IPHONEOS_DEPLOYMENT_TARGET = 17.0;
				LOCALIZATION_PREFERS_STRING_CATALOGS = YES;
				MTL_ENABLE_DEBUG_INFO = NO;
				MTL_FAST_MATH = YES;
				SDKROOT = iphoneos;
				SWIFT_COMPILATION_MODE = wholemodule;
				VALIDATE_PRODUCT = YES;
			};
			name = Release;
		};
		68F850252AEBD74E001711FB /* Debug */ = {
			isa = XCBuildConfiguration;
			buildSettings = {
				ASSETCATALOG_COMPILER_APPICON_NAME = AppIcon;
				ASSETCATALOG_COMPILER_GLOBAL_ACCENT_COLOR_NAME = AccentColor;
				CODE_SIGN_STYLE = Automatic;
				CURRENT_PROJECT_VERSION = 1;
				DEVELOPMENT_TEAM = 5UT44ZH347;
				GENERATE_INFOPLIST_FILE = YES;
				INFOPLIST_FILE = TableViewApp/Info.plist;
				INFOPLIST_KEY_UIApplicationSupportsIndirectInputEvents = YES;
				INFOPLIST_KEY_UILaunchStoryboardName = LaunchScreen;
				INFOPLIST_KEY_UIMainStoryboardFile = Main;
				INFOPLIST_KEY_UISupportedInterfaceOrientations_iPad = "UIInterfaceOrientationPortrait UIInterfaceOrientationPortraitUpsideDown UIInterfaceOrientationLandscapeLeft UIInterfaceOrientationLandscapeRight";
				INFOPLIST_KEY_UISupportedInterfaceOrientations_iPhone = "UIInterfaceOrientationPortrait UIInterfaceOrientationLandscapeLeft UIInterfaceOrientationLandscapeRight";
				LD_RUNPATH_SEARCH_PATHS = (
					"$(inherited)",
					"@executable_path/Frameworks",
				);
				MARKETING_VERSION = 1.0;
				PRODUCT_BUNDLE_IDENTIFIER = "com.up-co.TableViewApp";
				PRODUCT_NAME = "$(TARGET_NAME)";
				SWIFT_EMIT_LOC_STRINGS = YES;
				SWIFT_VERSION = 5.0;
				TARGETED_DEVICE_FAMILY = "1,2";
			};
			name = Debug;
		};
		68F850262AEBD74E001711FB /* Release */ = {
			isa = XCBuildConfiguration;
			buildSettings = {
				ASSETCATALOG_COMPILER_APPICON_NAME = AppIcon;
				ASSETCATALOG_COMPILER_GLOBAL_ACCENT_COLOR_NAME = AccentColor;
				CODE_SIGN_STYLE = Automatic;
				CURRENT_PROJECT_VERSION = 1;
				DEVELOPMENT_TEAM = 5UT44ZH347;
				GENERATE_INFOPLIST_FILE = YES;
				INFOPLIST_FILE = TableViewApp/Info.plist;
				INFOPLIST_KEY_UIApplicationSupportsIndirectInputEvents = YES;
				INFOPLIST_KEY_UILaunchStoryboardName = LaunchScreen;
				INFOPLIST_KEY_UIMainStoryboardFile = Main;
				INFOPLIST_KEY_UISupportedInterfaceOrientations_iPad = "UIInterfaceOrientationPortrait UIInterfaceOrientationPortraitUpsideDown UIInterfaceOrientationLandscapeLeft UIInterfaceOrientationLandscapeRight";
				INFOPLIST_KEY_UISupportedInterfaceOrientations_iPhone = "UIInterfaceOrientationPortrait UIInterfaceOrientationLandscapeLeft UIInterfaceOrientationLandscapeRight";
				LD_RUNPATH_SEARCH_PATHS = (
					"$(inherited)",
					"@executable_path/Frameworks",
				);
				MARKETING_VERSION = 1.0;
				PRODUCT_BUNDLE_IDENTIFIER = "com.up-co.TableViewApp";
				PRODUCT_NAME = "$(TARGET_NAME)";
				SWIFT_EMIT_LOC_STRINGS = YES;
				SWIFT_VERSION = 5.0;
				TARGETED_DEVICE_FAMILY = "1,2";
			};
			name = Release;
		};
/* End XCBuildConfiguration section */

/* Begin XCConfigurationList section */
		68F8500B2AEBD74C001711FB /* Build configuration list for PBXProject "TableViewApp" */ = {
			isa = XCConfigurationList;
			buildConfigurations = (
				68F850222AEBD74E001711FB /* Debug */,
				68F850232AEBD74E001711FB /* Release */,
			);
			defaultConfigurationIsVisible = 0;
			defaultConfigurationName = Release;
		};
		68F850242AEBD74E001711FB /* Build configuration list for PBXNativeTarget "TableViewApp" */ = {
			isa = XCConfigurationList;
			buildConfigurations = (
				68F850252AEBD74E001711FB /* Debug */,
				68F850262AEBD74E001711FB /* Release */,
			);
			defaultConfigurationIsVisible = 0;
			defaultConfigurationName = Release;
		};
/* End XCConfigurationList section */
	};
	rootObject = 68F850082AEBD74C001711FB /* Project object */;
}
